// !$*UTF8*$!
{
	archiveVersion = 1;
	classes = {
	};
	objectVersion = 50;
	objects = {

/* Begin PBXBuildFile section */
		826AB833240416D400B87C63 /* ControlView.m in Sources */ = {isa = PBXBuildFile; fileRef = 826AB832240416D400B87C63 /* ControlView.m */; };
		826AB8372406C12600B87C63 /* SMCommon.m in Sources */ = {isa = PBXBuildFile; fileRef = 826AB8362406C12500B87C63 /* SMCommon.m */; };
		826AB8392407C0DF00B87C63 /* input.conf in Resources */ = {isa = PBXBuildFile; fileRef = 826AB8382407C0DE00B87C63 /* input.conf */; };
		82C2C5082409191400485064 /* SMVideoTime.m in Sources */ = {isa = PBXBuildFile; fileRef = 82C2C5072409191400485064 /* SMVideoTime.m */; };
		82E9A46A24030AEA000DB7F3 /* AppDelegate.m in Sources */ = {isa = PBXBuildFile; fileRef = 82E9A46924030AEA000DB7F3 /* AppDelegate.m */; };
		82E9A46C24030AEE000DB7F3 /* Assets.xcassets in Resources */ = {isa = PBXBuildFile; fileRef = 82E9A46B24030AEE000DB7F3 /* Assets.xcassets */; };
		82E9A46F24030AEE000DB7F3 /* MainMenu.xib in Resources */ = {isa = PBXBuildFile; fileRef = 82E9A46D24030AEE000DB7F3 /* MainMenu.xib */; };
		82E9A47224030AEE000DB7F3 /* main.m in Sources */ = {isa = PBXBuildFile; fileRef = 82E9A47124030AEE000DB7F3 /* main.m */; };
		82E9A47D24030AEE000DB7F3 /* smplayerTests.m in Sources */ = {isa = PBXBuildFile; fileRef = 82E9A47C24030AEE000DB7F3 /* smplayerTests.m */; };
		82E9A48824030AEE000DB7F3 /* smplayerUITests.m in Sources */ = {isa = PBXBuildFile; fileRef = 82E9A48724030AEE000DB7F3 /* smplayerUITests.m */; };
		82E9A52124030B52000DB7F3 /* libavutil.a in Frameworks */ = {isa = PBXBuildFile; fileRef = 82E9A51824030B51000DB7F3 /* libavutil.a */; };
		82E9A52224030B52000DB7F3 /* libavfilter.a in Frameworks */ = {isa = PBXBuildFile; fileRef = 82E9A51924030B51000DB7F3 /* libavfilter.a */; };
		82E9A52324030B52000DB7F3 /* libavcodec.a in Frameworks */ = {isa = PBXBuildFile; fileRef = 82E9A51A24030B51000DB7F3 /* libavcodec.a */; };
		82E9A52424030B52000DB7F3 /* libavresample.a in Frameworks */ = {isa = PBXBuildFile; fileRef = 82E9A51B24030B51000DB7F3 /* libavresample.a */; };
		82E9A52524030B52000DB7F3 /* libavformat.a in Frameworks */ = {isa = PBXBuildFile; fileRef = 82E9A51C24030B51000DB7F3 /* libavformat.a */; };
		82E9A52624030B52000DB7F3 /* libmpv.1.dylib in Frameworks */ = {isa = PBXBuildFile; fileRef = 82E9A51D24030B51000DB7F3 /* libmpv.1.dylib */; };
		82E9A52724030B52000DB7F3 /* libavdevice.a in Frameworks */ = {isa = PBXBuildFile; fileRef = 82E9A51E24030B51000DB7F3 /* libavdevice.a */; };
		82E9A52824030B52000DB7F3 /* libswresample.a in Frameworks */ = {isa = PBXBuildFile; fileRef = 82E9A51F24030B51000DB7F3 /* libswresample.a */; };
		82E9A52924030B52000DB7F3 /* libswscale.a in Frameworks */ = {isa = PBXBuildFile; fileRef = 82E9A52024030B51000DB7F3 /* libswscale.a */; };
		82E9A53624030E81000DB7F3 /* SMVideoView.m in Sources */ = {isa = PBXBuildFile; fileRef = 82E9A53524030E81000DB7F3 /* SMVideoView.m */; };
		82E9A5452403947E000DB7F3 /* Player.xib in Resources */ = {isa = PBXBuildFile; fileRef = 82E9A5432403947E000DB7F3 /* Player.xib */; };
		82E9A5462403947E000DB7F3 /* Player.m in Sources */ = {isa = PBXBuildFile; fileRef = 82E9A5442403947E000DB7F3 /* Player.m */; };
/* End PBXBuildFile section */

/* Begin PBXContainerItemProxy section */
		82E9A47924030AEE000DB7F3 /* PBXContainerItemProxy */ = {
			isa = PBXContainerItemProxy;
			containerPortal = 82E9A45D24030AEA000DB7F3 /* Project object */;
			proxyType = 1;
			remoteGlobalIDString = 82E9A46424030AEA000DB7F3;
			remoteInfo = smplayer;
		};
		82E9A48424030AEE000DB7F3 /* PBXContainerItemProxy */ = {
			isa = PBXContainerItemProxy;
			containerPortal = 82E9A45D24030AEA000DB7F3 /* Project object */;
			proxyType = 1;
			remoteGlobalIDString = 82E9A46424030AEA000DB7F3;
			remoteInfo = smplayer;
		};
/* End PBXContainerItemProxy section */

/* Begin PBXFileReference section */
		826AB831240416D400B87C63 /* ControlView.h */ = {isa = PBXFileReference; lastKnownFileType = sourcecode.c.h; path = ControlView.h; sourceTree = "<group>"; };
		826AB832240416D400B87C63 /* ControlView.m */ = {isa = PBXFileReference; lastKnownFileType = sourcecode.c.objc; path = ControlView.m; sourceTree = "<group>"; };
		826AB8352406C12500B87C63 /* SMCommon.h */ = {isa = PBXFileReference; lastKnownFileType = sourcecode.c.h; path = SMCommon.h; sourceTree = "<group>"; };
		826AB8362406C12500B87C63 /* SMCommon.m */ = {isa = PBXFileReference; lastKnownFileType = sourcecode.c.objc; path = SMCommon.m; sourceTree = "<group>"; };
		826AB8382407C0DE00B87C63 /* input.conf */ = {isa = PBXFileReference; fileEncoding = 4; lastKnownFileType = text; path = input.conf; sourceTree = "<group>"; };
		826AB83B2408229000B87C63 /* CoreAudioKit.framework */ = {isa = PBXFileReference; lastKnownFileType = wrapper.framework; name = CoreAudioKit.framework; path = System/Library/Frameworks/CoreAudioKit.framework; sourceTree = SDKROOT; };
		82C2C5062409191400485064 /* SMVideoTime.h */ = {isa = PBXFileReference; lastKnownFileType = sourcecode.c.h; path = SMVideoTime.h; sourceTree = "<group>"; };
		82C2C5072409191400485064 /* SMVideoTime.m */ = {isa = PBXFileReference; lastKnownFileType = sourcecode.c.objc; path = SMVideoTime.m; sourceTree = "<group>"; };
		82E9A46524030AEA000DB7F3 /* smplayer.app */ = {isa = PBXFileReference; explicitFileType = wrapper.application; includeInIndex = 0; path = smplayer.app; sourceTree = BUILT_PRODUCTS_DIR; };
		82E9A46824030AEA000DB7F3 /* AppDelegate.h */ = {isa = PBXFileReference; lastKnownFileType = sourcecode.c.h; path = AppDelegate.h; sourceTree = "<group>"; };
		82E9A46924030AEA000DB7F3 /* AppDelegate.m */ = {isa = PBXFileReference; lastKnownFileType = sourcecode.c.objc; path = AppDelegate.m; sourceTree = "<group>"; };
		82E9A46B24030AEE000DB7F3 /* Assets.xcassets */ = {isa = PBXFileReference; lastKnownFileType = folder.assetcatalog; path = Assets.xcassets; sourceTree = "<group>"; };
		82E9A46E24030AEE000DB7F3 /* Base */ = {isa = PBXFileReference; lastKnownFileType = file.xib; name = Base; path = Base.lproj/MainMenu.xib; sourceTree = "<group>"; };
		82E9A47024030AEE000DB7F3 /* Info.plist */ = {isa = PBXFileReference; lastKnownFileType = text.plist.xml; path = Info.plist; sourceTree = "<group>"; };
		82E9A47124030AEE000DB7F3 /* main.m */ = {isa = PBXFileReference; lastKnownFileType = sourcecode.c.objc; path = main.m; sourceTree = "<group>"; };
		82E9A47324030AEE000DB7F3 /* smplayer.entitlements */ = {isa = PBXFileReference; lastKnownFileType = text.plist.entitlements; path = smplayer.entitlements; sourceTree = "<group>"; };
		82E9A47824030AEE000DB7F3 /* smplayerTests.xctest */ = {isa = PBXFileReference; explicitFileType = wrapper.cfbundle; includeInIndex = 0; path = smplayerTests.xctest; sourceTree = BUILT_PRODUCTS_DIR; };
		82E9A47C24030AEE000DB7F3 /* smplayerTests.m */ = {isa = PBXFileReference; lastKnownFileType = sourcecode.c.objc; path = smplayerTests.m; sourceTree = "<group>"; };
		82E9A47E24030AEE000DB7F3 /* Info.plist */ = {isa = PBXFileReference; lastKnownFileType = text.plist.xml; path = Info.plist; sourceTree = "<group>"; };
		82E9A48324030AEE000DB7F3 /* smplayerUITests.xctest */ = {isa = PBXFileReference; explicitFileType = wrapper.cfbundle; includeInIndex = 0; path = smplayerUITests.xctest; sourceTree = BUILT_PRODUCTS_DIR; };
		82E9A48724030AEE000DB7F3 /* smplayerUITests.m */ = {isa = PBXFileReference; lastKnownFileType = sourcecode.c.objc; path = smplayerUITests.m; sourceTree = "<group>"; };
		82E9A48924030AEE000DB7F3 /* Info.plist */ = {isa = PBXFileReference; lastKnownFileType = text.plist.xml; path = Info.plist; sourceTree = "<group>"; };
		82E9A49824030B51000DB7F3 /* version.h */ = {isa = PBXFileReference; fileEncoding = 4; lastKnownFileType = sourcecode.c.h; path = version.h; sourceTree = "<group>"; };
		82E9A49924030B51000DB7F3 /* buffersrc.h */ = {isa = PBXFileReference; fileEncoding = 4; lastKnownFileType = sourcecode.c.h; path = buffersrc.h; sourceTree = "<group>"; };
		82E9A49A24030B51000DB7F3 /* buffersink.h */ = {isa = PBXFileReference; fileEncoding = 4; lastKnownFileType = sourcecode.c.h; path = buffersink.h; sourceTree = "<group>"; };
		82E9A49B24030B51000DB7F3 /* avfilter.h */ = {isa = PBXFileReference; fileEncoding = 4; lastKnownFileType = sourcecode.c.h; path = avfilter.h; sourceTree = "<group>"; };
		82E9A49D24030B51000DB7F3 /* hwcontext.h */ = {isa = PBXFileReference; fileEncoding = 4; lastKnownFileType = sourcecode.c.h; path = hwcontext.h; sourceTree = "<group>"; };
		82E9A49E24030B51000DB7F3 /* time.h */ = {isa = PBXFileReference; fileEncoding = 4; lastKnownFileType = sourcecode.c.h; path = time.h; sourceTree = "<group>"; };
		82E9A49F24030B51000DB7F3 /* hwcontext_cuda.h */ = {isa = PBXFileReference; fileEncoding = 4; lastKnownFileType = sourcecode.c.h; path = hwcontext_cuda.h; sourceTree = "<group>"; };
		82E9A4A024030B51000DB7F3 /* intfloat.h */ = {isa = PBXFileReference; fileEncoding = 4; lastKnownFileType = sourcecode.c.h; path = intfloat.h; sourceTree = "<group>"; };
		82E9A4A124030B51000DB7F3 /* error.h */ = {isa = PBXFileReference; fileEncoding = 4; lastKnownFileType = sourcecode.c.h; path = error.h; sourceTree = "<group>"; };
		82E9A4A224030B51000DB7F3 /* fifo.h */ = {isa = PBXFileReference; fileEncoding = 4; lastKnownFileType = sourcecode.c.h; path = fifo.h; sourceTree = "<group>"; };
		82E9A4A324030B51000DB7F3 /* blowfish.h */ = {isa = PBXFileReference; fileEncoding = 4; lastKnownFileType = sourcecode.c.h; path = blowfish.h; sourceTree = "<group>"; };
		82E9A4A424030B51000DB7F3 /* hwcontext_mediacodec.h */ = {isa = PBXFileReference; fileEncoding = 4; lastKnownFileType = sourcecode.c.h; path = hwcontext_mediacodec.h; sourceTree = "<group>"; };
		82E9A4A524030B51000DB7F3 /* replaygain.h */ = {isa = PBXFileReference; fileEncoding = 4; lastKnownFileType = sourcecode.c.h; path = replaygain.h; sourceTree = "<group>"; };
		82E9A4A624030B51000DB7F3 /* version.h */ = {isa = PBXFileReference; fileEncoding = 4; lastKnownFileType = sourcecode.c.h; path = version.h; sourceTree = "<group>"; };
		82E9A4A724030B51000DB7F3 /* murmur3.h */ = {isa = PBXFileReference; fileEncoding = 4; lastKnownFileType = sourcecode.c.h; path = murmur3.h; sourceTree = "<group>"; };
		82E9A4A824030B51000DB7F3 /* stereo3d.h */ = {isa = PBXFileReference; fileEncoding = 4; lastKnownFileType = sourcecode.c.h; path = stereo3d.h; sourceTree = "<group>"; };
		82E9A4A924030B51000DB7F3 /* samplefmt.h */ = {isa = PBXFileReference; fileEncoding = 4; lastKnownFileType = sourcecode.c.h; path = samplefmt.h; sourceTree = "<group>"; };
		82E9A4AA24030B51000DB7F3 /* pixdesc.h */ = {isa = PBXFileReference; fileEncoding = 4; lastKnownFileType = sourcecode.c.h; path = pixdesc.h; sourceTree = "<group>"; };
		82E9A4AB24030B51000DB7F3 /* base64.h */ = {isa = PBXFileReference; fileEncoding = 4; lastKnownFileType = sourcecode.c.h; path = base64.h; sourceTree = "<group>"; };
		82E9A4AC24030B51000DB7F3 /* rational.h */ = {isa = PBXFileReference; fileEncoding = 4; lastKnownFileType = sourcecode.c.h; path = rational.h; sourceTree = "<group>"; };
		82E9A4AD24030B51000DB7F3 /* sha.h */ = {isa = PBXFileReference; fileEncoding = 4; lastKnownFileType = sourcecode.c.h; path = sha.h; sourceTree = "<group>"; };
		82E9A4AE24030B51000DB7F3 /* motion_vector.h */ = {isa = PBXFileReference; fileEncoding = 4; lastKnownFileType = sourcecode.c.h; path = motion_vector.h; sourceTree = "<group>"; };
		82E9A4AF24030B51000DB7F3 /* avconfig.h */ = {isa = PBXFileReference; fileEncoding = 4; lastKnownFileType = sourcecode.c.h; path = avconfig.h; sourceTree = "<group>"; };
		82E9A4B024030B51000DB7F3 /* lfg.h */ = {isa = PBXFileReference; fileEncoding = 4; lastKnownFileType = sourcecode.c.h; path = lfg.h; sourceTree = "<group>"; };
		82E9A4B124030B51000DB7F3 /* avutil.h */ = {isa = PBXFileReference; fileEncoding = 4; lastKnownFileType = sourcecode.c.h; path = avutil.h; sourceTree = "<group>"; };
		82E9A4B224030B51000DB7F3 /* xtea.h */ = {isa = PBXFileReference; fileEncoding = 4; lastKnownFileType = sourcecode.c.h; path = xtea.h; sourceTree = "<group>"; };
		82E9A4B324030B51000DB7F3 /* crc.h */ = {isa = PBXFileReference; fileEncoding = 4; lastKnownFileType = sourcecode.c.h; path = crc.h; sourceTree = "<group>"; };
		82E9A4B424030B51000DB7F3 /* hwcontext_vdpau.h */ = {isa = PBXFileReference; fileEncoding = 4; lastKnownFileType = sourcecode.c.h; path = hwcontext_vdpau.h; sourceTree = "<group>"; };
		82E9A4B524030B51000DB7F3 /* frame.h */ = {isa = PBXFileReference; fileEncoding = 4; lastKnownFileType = sourcecode.c.h; path = frame.h; sourceTree = "<group>"; };
		82E9A4B624030B51000DB7F3 /* file.h */ = {isa = PBXFileReference; fileEncoding = 4; lastKnownFileType = sourcecode.c.h; path = file.h; sourceTree = "<group>"; };
		82E9A4B724030B51000DB7F3 /* md5.h */ = {isa = PBXFileReference; fileEncoding = 4; lastKnownFileType = sourcecode.c.h; path = md5.h; sourceTree = "<group>"; };
		82E9A4B824030B51000DB7F3 /* cast5.h */ = {isa = PBXFileReference; fileEncoding = 4; lastKnownFileType = sourcecode.c.h; path = cast5.h; sourceTree = "<group>"; };
		82E9A4B924030B51000DB7F3 /* hwcontext_vaapi.h */ = {isa = PBXFileReference; fileEncoding = 4; lastKnownFileType = sourcecode.c.h; path = hwcontext_vaapi.h; sourceTree = "<group>"; };
		82E9A4BA24030B51000DB7F3 /* spherical.h */ = {isa = PBXFileReference; fileEncoding = 4; lastKnownFileType = sourcecode.c.h; path = spherical.h; sourceTree = "<group>"; };
		82E9A4BB24030B51000DB7F3 /* ffversion.h */ = {isa = PBXFileReference; fileEncoding = 4; lastKnownFileType = sourcecode.c.h; path = ffversion.h; sourceTree = "<group>"; };
		82E9A4BC24030B51000DB7F3 /* audio_fifo.h */ = {isa = PBXFileReference; fileEncoding = 4; lastKnownFileType = sourcecode.c.h; path = audio_fifo.h; sourceTree = "<group>"; };
		82E9A4BD24030B51000DB7F3 /* tree.h */ = {isa = PBXFileReference; fileEncoding = 4; lastKnownFileType = sourcecode.c.h; path = tree.h; sourceTree = "<group>"; };
		82E9A4BE24030B51000DB7F3 /* threadmessage.h */ = {isa = PBXFileReference; fileEncoding = 4; lastKnownFileType = sourcecode.c.h; path = threadmessage.h; sourceTree = "<group>"; };
		82E9A4BF24030B51000DB7F3 /* attributes.h */ = {isa = PBXFileReference; fileEncoding = 4; lastKnownFileType = sourcecode.c.h; path = attributes.h; sourceTree = "<group>"; };
		82E9A4C024030B51000DB7F3 /* adler32.h */ = {isa = PBXFileReference; fileEncoding = 4; lastKnownFileType = sourcecode.c.h; path = adler32.h; sourceTree = "<group>"; };
		82E9A4C124030B51000DB7F3 /* hwcontext_d3d11va.h */ = {isa = PBXFileReference; fileEncoding = 4; lastKnownFileType = sourcecode.c.h; path = hwcontext_d3d11va.h; sourceTree = "<group>"; };
		82E9A4C224030B51000DB7F3 /* timecode.h */ = {isa = PBXFileReference; fileEncoding = 4; lastKnownFileType = sourcecode.c.h; path = timecode.h; sourceTree = "<group>"; };
		82E9A4C324030B51000DB7F3 /* sha512.h */ = {isa = PBXFileReference; fileEncoding = 4; lastKnownFileType = sourcecode.c.h; path = sha512.h; sourceTree = "<group>"; };
		82E9A4C424030B51000DB7F3 /* hwcontext_dxva2.h */ = {isa = PBXFileReference; fileEncoding = 4; lastKnownFileType = sourcecode.c.h; path = hwcontext_dxva2.h; sourceTree = "<group>"; };
		82E9A4C524030B51000DB7F3 /* display.h */ = {isa = PBXFileReference; fileEncoding = 4; lastKnownFileType = sourcecode.c.h; path = display.h; sourceTree = "<group>"; };
		82E9A4C624030B51000DB7F3 /* buffer.h */ = {isa = PBXFileReference; fileEncoding = 4; lastKnownFileType = sourcecode.c.h; path = buffer.h; sourceTree = "<group>"; };
		82E9A4C724030B51000DB7F3 /* camellia.h */ = {isa = PBXFileReference; fileEncoding = 4; lastKnownFileType = sourcecode.c.h; path = camellia.h; sourceTree = "<group>"; };
		82E9A4C824030B51000DB7F3 /* pixelutils.h */ = {isa = PBXFileReference; fileEncoding = 4; lastKnownFileType = sourcecode.c.h; path = pixelutils.h; sourceTree = "<group>"; };
		82E9A4C924030B51000DB7F3 /* hwcontext_drm.h */ = {isa = PBXFileReference; fileEncoding = 4; lastKnownFileType = sourcecode.c.h; path = hwcontext_drm.h; sourceTree = "<group>"; };
		82E9A4CA24030B51000DB7F3 /* common.h */ = {isa = PBXFileReference; fileEncoding = 4; lastKnownFileType = sourcecode.c.h; path = common.h; sourceTree = "<group>"; };
		82E9A4CB24030B51000DB7F3 /* hmac.h */ = {isa = PBXFileReference; fileEncoding = 4; lastKnownFileType = sourcecode.c.h; path = hmac.h; sourceTree = "<group>"; };
		82E9A4CC24030B51000DB7F3 /* eval.h */ = {isa = PBXFileReference; fileEncoding = 4; lastKnownFileType = sourcecode.c.h; path = eval.h; sourceTree = "<group>"; };
		82E9A4CD24030B51000DB7F3 /* dict.h */ = {isa = PBXFileReference; fileEncoding = 4; lastKnownFileType = sourcecode.c.h; path = dict.h; sourceTree = "<group>"; };
		82E9A4CE24030B51000DB7F3 /* random_seed.h */ = {isa = PBXFileReference; fileEncoding = 4; lastKnownFileType = sourcecode.c.h; path = random_seed.h; sourceTree = "<group>"; };
		82E9A4CF24030B51000DB7F3 /* opt.h */ = {isa = PBXFileReference; fileEncoding = 4; lastKnownFileType = sourcecode.c.h; path = opt.h; sourceTree = "<group>"; };
		82E9A4D024030B51000DB7F3 /* mastering_display_metadata.h */ = {isa = PBXFileReference; fileEncoding = 4; lastKnownFileType = sourcecode.c.h; path = mastering_display_metadata.h; sourceTree = "<group>"; };
		82E9A4D124030B51000DB7F3 /* log.h */ = {isa = PBXFileReference; fileEncoding = 4; lastKnownFileType = sourcecode.c.h; path = log.h; sourceTree = "<group>"; };
		82E9A4D224030B51000DB7F3 /* aes.h */ = {isa = PBXFileReference; fileEncoding = 4; lastKnownFileType = sourcecode.c.h; path = aes.h; sourceTree = "<group>"; };
		82E9A4D324030B51000DB7F3 /* macros.h */ = {isa = PBXFileReference; fileEncoding = 4; lastKnownFileType = sourcecode.c.h; path = macros.h; sourceTree = "<group>"; };
		82E9A4D424030B51000DB7F3 /* bswap.h */ = {isa = PBXFileReference; fileEncoding = 4; lastKnownFileType = sourcecode.c.h; path = bswap.h; sourceTree = "<group>"; };
		82E9A4D524030B51000DB7F3 /* rc4.h */ = {isa = PBXFileReference; fileEncoding = 4; lastKnownFileType = sourcecode.c.h; path = rc4.h; sourceTree = "<group>"; };
		82E9A4D624030B51000DB7F3 /* tea.h */ = {isa = PBXFileReference; fileEncoding = 4; lastKnownFileType = sourcecode.c.h; path = tea.h; sourceTree = "<group>"; };
		82E9A4D724030B51000DB7F3 /* cpu.h */ = {isa = PBXFileReference; fileEncoding = 4; lastKnownFileType = sourcecode.c.h; path = cpu.h; sourceTree = "<group>"; };
		82E9A4D824030B51000DB7F3 /* lzo.h */ = {isa = PBXFileReference; fileEncoding = 4; lastKnownFileType = sourcecode.c.h; path = lzo.h; sourceTree = "<group>"; };
		82E9A4D924030B51000DB7F3 /* des.h */ = {isa = PBXFileReference; fileEncoding = 4; lastKnownFileType = sourcecode.c.h; path = des.h; sourceTree = "<group>"; };
		82E9A4DA24030B51000DB7F3 /* channel_layout.h */ = {isa = PBXFileReference; fileEncoding = 4; lastKnownFileType = sourcecode.c.h; path = channel_layout.h; sourceTree = "<group>"; };
		82E9A4DB24030B51000DB7F3 /* encryption_info.h */ = {isa = PBXFileReference; fileEncoding = 4; lastKnownFileType = sourcecode.c.h; path = encryption_info.h; sourceTree = "<group>"; };
		82E9A4DC24030B51000DB7F3 /* twofish.h */ = {isa = PBXFileReference; fileEncoding = 4; lastKnownFileType = sourcecode.c.h; path = twofish.h; sourceTree = "<group>"; };
		82E9A4DD24030B51000DB7F3 /* imgutils.h */ = {isa = PBXFileReference; fileEncoding = 4; lastKnownFileType = sourcecode.c.h; path = imgutils.h; sourceTree = "<group>"; };
		82E9A4DE24030B51000DB7F3 /* hwcontext_videotoolbox.h */ = {isa = PBXFileReference; fileEncoding = 4; lastKnownFileType = sourcecode.c.h; path = hwcontext_videotoolbox.h; sourceTree = "<group>"; };
		82E9A4DF24030B51000DB7F3 /* mem.h */ = {isa = PBXFileReference; fileEncoding = 4; lastKnownFileType = sourcecode.c.h; path = mem.h; sourceTree = "<group>"; };
		82E9A4E024030B51000DB7F3 /* parseutils.h */ = {isa = PBXFileReference; fileEncoding = 4; lastKnownFileType = sourcecode.c.h; path = parseutils.h; sourceTree = "<group>"; };
		82E9A4E124030B51000DB7F3 /* ripemd.h */ = {isa = PBXFileReference; fileEncoding = 4; lastKnownFileType = sourcecode.c.h; path = ripemd.h; sourceTree = "<group>"; };
		82E9A4E224030B51000DB7F3 /* bprint.h */ = {isa = PBXFileReference; fileEncoding = 4; lastKnownFileType = sourcecode.c.h; path = bprint.h; sourceTree = "<group>"; };
		82E9A4E324030B51000DB7F3 /* hwcontext_qsv.h */ = {isa = PBXFileReference; fileEncoding = 4; lastKnownFileType = sourcecode.c.h; path = hwcontext_qsv.h; sourceTree = "<group>"; };
		82E9A4E424030B51000DB7F3 /* pixfmt.h */ = {isa = PBXFileReference; fileEncoding = 4; lastKnownFileType = sourcecode.c.h; path = pixfmt.h; sourceTree = "<group>"; };
		82E9A4E524030B51000DB7F3 /* aes_ctr.h */ = {isa = PBXFileReference; fileEncoding = 4; lastKnownFileType = sourcecode.c.h; path = aes_ctr.h; sourceTree = "<group>"; };
		82E9A4E624030B51000DB7F3 /* timestamp.h */ = {isa = PBXFileReference; fileEncoding = 4; lastKnownFileType = sourcecode.c.h; path = timestamp.h; sourceTree = "<group>"; };
		82E9A4E724030B51000DB7F3 /* downmix_info.h */ = {isa = PBXFileReference; fileEncoding = 4; lastKnownFileType = sourcecode.c.h; path = downmix_info.h; sourceTree = "<group>"; };
		82E9A4E824030B51000DB7F3 /* avassert.h */ = {isa = PBXFileReference; fileEncoding = 4; lastKnownFileType = sourcecode.c.h; path = avassert.h; sourceTree = "<group>"; };
		82E9A4E924030B51000DB7F3 /* hash.h */ = {isa = PBXFileReference; fileEncoding = 4; lastKnownFileType = sourcecode.c.h; path = hash.h; sourceTree = "<group>"; };
		82E9A4EA24030B51000DB7F3 /* mathematics.h */ = {isa = PBXFileReference; fileEncoding = 4; lastKnownFileType = sourcecode.c.h; path = mathematics.h; sourceTree = "<group>"; };
		82E9A4EB24030B51000DB7F3 /* intreadwrite.h */ = {isa = PBXFileReference; fileEncoding = 4; lastKnownFileType = sourcecode.c.h; path = intreadwrite.h; sourceTree = "<group>"; };
		82E9A4EC24030B51000DB7F3 /* avstring.h */ = {isa = PBXFileReference; fileEncoding = 4; lastKnownFileType = sourcecode.c.h; path = avstring.h; sourceTree = "<group>"; };
		82E9A4EE24030B51000DB7F3 /* version.h */ = {isa = PBXFileReference; fileEncoding = 4; lastKnownFileType = sourcecode.c.h; path = version.h; sourceTree = "<group>"; };
		82E9A4EF24030B51000DB7F3 /* avdevice.h */ = {isa = PBXFileReference; fileEncoding = 4; lastKnownFileType = sourcecode.c.h; path = avdevice.h; sourceTree = "<group>"; };
		82E9A4F124030B51000DB7F3 /* version.h */ = {isa = PBXFileReference; fileEncoding = 4; lastKnownFileType = sourcecode.c.h; path = version.h; sourceTree = "<group>"; };
		82E9A4F224030B51000DB7F3 /* avio.h */ = {isa = PBXFileReference; fileEncoding = 4; lastKnownFileType = sourcecode.c.h; path = avio.h; sourceTree = "<group>"; };
		82E9A4F324030B51000DB7F3 /* avformat.h */ = {isa = PBXFileReference; fileEncoding = 4; lastKnownFileType = sourcecode.c.h; path = avformat.h; sourceTree = "<group>"; };
		82E9A4F524030B51000DB7F3 /* version.h */ = {isa = PBXFileReference; fileEncoding = 4; lastKnownFileType = sourcecode.c.h; path = version.h; sourceTree = "<group>"; };
		82E9A4F624030B51000DB7F3 /* swscale.h */ = {isa = PBXFileReference; fileEncoding = 4; lastKnownFileType = sourcecode.c.h; path = swscale.h; sourceTree = "<group>"; };
		82E9A4F824030B51000DB7F3 /* adts_parser.h */ = {isa = PBXFileReference; fileEncoding = 4; lastKnownFileType = sourcecode.c.h; path = adts_parser.h; sourceTree = "<group>"; };
		82E9A4F924030B51000DB7F3 /* avcodec.h */ = {isa = PBXFileReference; fileEncoding = 4; lastKnownFileType = sourcecode.c.h; path = avcodec.h; sourceTree = "<group>"; };
		82E9A4FA24030B51000DB7F3 /* version.h */ = {isa = PBXFileReference; fileEncoding = 4; lastKnownFileType = sourcecode.c.h; path = version.h; sourceTree = "<group>"; };
		82E9A4FB24030B51000DB7F3 /* vdpau.h */ = {isa = PBXFileReference; fileEncoding = 4; lastKnownFileType = sourcecode.c.h; path = vdpau.h; sourceTree = "<group>"; };
		82E9A4FC24030B51000DB7F3 /* qsv.h */ = {isa = PBXFileReference; fileEncoding = 4; lastKnownFileType = sourcecode.c.h; path = qsv.h; sourceTree = "<group>"; };
		82E9A4FD24030B51000DB7F3 /* vaapi.h */ = {isa = PBXFileReference; fileEncoding = 4; lastKnownFileType = sourcecode.c.h; path = vaapi.h; sourceTree = "<group>"; };
		82E9A4FE24030B51000DB7F3 /* videotoolbox.h */ = {isa = PBXFileReference; fileEncoding = 4; lastKnownFileType = sourcecode.c.h; path = videotoolbox.h; sourceTree = "<group>"; };
		82E9A4FF24030B51000DB7F3 /* xvmc.h */ = {isa = PBXFileReference; fileEncoding = 4; lastKnownFileType = sourcecode.c.h; path = xvmc.h; sourceTree = "<group>"; };
		82E9A50024030B51000DB7F3 /* mediacodec.h */ = {isa = PBXFileReference; fileEncoding = 4; lastKnownFileType = sourcecode.c.h; path = mediacodec.h; sourceTree = "<group>"; };
		82E9A50124030B51000DB7F3 /* d3d11va.h */ = {isa = PBXFileReference; fileEncoding = 4; lastKnownFileType = sourcecode.c.h; path = d3d11va.h; sourceTree = "<group>"; };
		82E9A50224030B51000DB7F3 /* avfft.h */ = {isa = PBXFileReference; fileEncoding = 4; lastKnownFileType = sourcecode.c.h; path = avfft.h; sourceTree = "<group>"; };
		82E9A50324030B51000DB7F3 /* jni.h */ = {isa = PBXFileReference; fileEncoding = 4; lastKnownFileType = sourcecode.c.h; path = jni.h; sourceTree = "<group>"; };
		82E9A50424030B51000DB7F3 /* dirac.h */ = {isa = PBXFileReference; fileEncoding = 4; lastKnownFileType = sourcecode.c.h; path = dirac.h; sourceTree = "<group>"; };
		82E9A50524030B51000DB7F3 /* avdct.h */ = {isa = PBXFileReference; fileEncoding = 4; lastKnownFileType = sourcecode.c.h; path = avdct.h; sourceTree = "<group>"; };
		82E9A50624030B51000DB7F3 /* ac3_parser.h */ = {isa = PBXFileReference; fileEncoding = 4; lastKnownFileType = sourcecode.c.h; path = ac3_parser.h; sourceTree = "<group>"; };
		82E9A50724030B51000DB7F3 /* vorbis_parser.h */ = {isa = PBXFileReference; fileEncoding = 4; lastKnownFileType = sourcecode.c.h; path = vorbis_parser.h; sourceTree = "<group>"; };
		82E9A50824030B51000DB7F3 /* dxva2.h */ = {isa = PBXFileReference; fileEncoding = 4; lastKnownFileType = sourcecode.c.h; path = dxva2.h; sourceTree = "<group>"; };
		82E9A50924030B51000DB7F3 /* dv_profile.h */ = {isa = PBXFileReference; fileEncoding = 4; lastKnownFileType = sourcecode.c.h; path = dv_profile.h; sourceTree = "<group>"; };
		82E9A50B24030B51000DB7F3 /* avresample.h */ = {isa = PBXFileReference; fileEncoding = 4; lastKnownFileType = sourcecode.c.h; path = avresample.h; sourceTree = "<group>"; };
		82E9A50C24030B51000DB7F3 /* version.h */ = {isa = PBXFileReference; fileEncoding = 4; lastKnownFileType = sourcecode.c.h; path = version.h; sourceTree = "<group>"; };
		82E9A50E24030B51000DB7F3 /* client.h */ = {isa = PBXFileReference; fileEncoding = 4; lastKnownFileType = sourcecode.c.h; path = client.h; sourceTree = "<group>"; };
		82E9A50F24030B51000DB7F3 /* stream_cb.h */ = {isa = PBXFileReference; fileEncoding = 4; lastKnownFileType = sourcecode.c.h; path = stream_cb.h; sourceTree = "<group>"; };
		82E9A51024030B51000DB7F3 /* render_gl.h */ = {isa = PBXFileReference; fileEncoding = 4; lastKnownFileType = sourcecode.c.h; path = render_gl.h; sourceTree = "<group>"; };
		82E9A51124030B51000DB7F3 /* qthelper.hpp */ = {isa = PBXFileReference; fileEncoding = 4; lastKnownFileType = sourcecode.cpp.h; path = qthelper.hpp; sourceTree = "<group>"; };
		82E9A51224030B51000DB7F3 /* opengl_cb.h */ = {isa = PBXFileReference; fileEncoding = 4; lastKnownFileType = sourcecode.c.h; path = opengl_cb.h; sourceTree = "<group>"; };
		82E9A51324030B51000DB7F3 /* render.h */ = {isa = PBXFileReference; fileEncoding = 4; lastKnownFileType = sourcecode.c.h; path = render.h; sourceTree = "<group>"; };
		82E9A51524030B51000DB7F3 /* version.h */ = {isa = PBXFileReference; fileEncoding = 4; lastKnownFileType = sourcecode.c.h; path = version.h; sourceTree = "<group>"; };
		82E9A51624030B51000DB7F3 /* swresample.h */ = {isa = PBXFileReference; fileEncoding = 4; lastKnownFileType = sourcecode.c.h; path = swresample.h; sourceTree = "<group>"; };
		82E9A51824030B51000DB7F3 /* libavutil.a */ = {isa = PBXFileReference; lastKnownFileType = archive.ar; path = libavutil.a; sourceTree = "<group>"; };
		82E9A51924030B51000DB7F3 /* libavfilter.a */ = {isa = PBXFileReference; lastKnownFileType = archive.ar; path = libavfilter.a; sourceTree = "<group>"; };
		82E9A51A24030B51000DB7F3 /* libavcodec.a */ = {isa = PBXFileReference; lastKnownFileType = archive.ar; path = libavcodec.a; sourceTree = "<group>"; };
		82E9A51B24030B51000DB7F3 /* libavresample.a */ = {isa = PBXFileReference; lastKnownFileType = archive.ar; path = libavresample.a; sourceTree = "<group>"; };
		82E9A51C24030B51000DB7F3 /* libavformat.a */ = {isa = PBXFileReference; lastKnownFileType = archive.ar; path = libavformat.a; sourceTree = "<group>"; };
		82E9A51D24030B51000DB7F3 /* libmpv.1.dylib */ = {isa = PBXFileReference; lastKnownFileType = "compiled.mach-o.dylib"; path = libmpv.1.dylib; sourceTree = "<group>"; };
		82E9A51E24030B51000DB7F3 /* libavdevice.a */ = {isa = PBXFileReference; lastKnownFileType = archive.ar; path = libavdevice.a; sourceTree = "<group>"; };
		82E9A51F24030B51000DB7F3 /* libswresample.a */ = {isa = PBXFileReference; lastKnownFileType = archive.ar; path = libswresample.a; sourceTree = "<group>"; };
		82E9A52024030B51000DB7F3 /* libswscale.a */ = {isa = PBXFileReference; lastKnownFileType = archive.ar; path = libswscale.a; sourceTree = "<group>"; };
		82E9A53424030E81000DB7F3 /* SMVideoView.h */ = {isa = PBXFileReference; lastKnownFileType = sourcecode.c.h; path = SMVideoView.h; sourceTree = "<group>"; };
		82E9A53524030E81000DB7F3 /* SMVideoView.m */ = {isa = PBXFileReference; lastKnownFileType = sourcecode.c.objc; path = SMVideoView.m; sourceTree = "<group>"; };
		82E9A5422403947E000DB7F3 /* Player.h */ = {isa = PBXFileReference; fileEncoding = 4; lastKnownFileType = sourcecode.c.h; path = Player.h; sourceTree = "<group>"; };
		82E9A5432403947E000DB7F3 /* Player.xib */ = {isa = PBXFileReference; fileEncoding = 4; lastKnownFileType = file.xib; path = Player.xib; sourceTree = "<group>"; };
		82E9A5442403947E000DB7F3 /* Player.m */ = {isa = PBXFileReference; fileEncoding = 4; lastKnownFileType = sourcecode.c.objc; path = Player.m; sourceTree = "<group>"; };
/* End PBXFileReference section */

/* Begin PBXFrameworksBuildPhase section */
		82E9A46224030AEA000DB7F3 /* Frameworks */ = {
			isa = PBXFrameworksBuildPhase;
			buildActionMask = 2147483647;
			files = (
				82E9A52824030B52000DB7F3 /* libswresample.a in Frameworks */,
				82E9A52724030B52000DB7F3 /* libavdevice.a in Frameworks */,
				82E9A52224030B52000DB7F3 /* libavfilter.a in Frameworks */,
				82E9A52424030B52000DB7F3 /* libavresample.a in Frameworks */,
				82E9A52124030B52000DB7F3 /* libavutil.a in Frameworks */,
				82E9A52624030B52000DB7F3 /* libmpv.1.dylib in Frameworks */,
				82E9A52924030B52000DB7F3 /* libswscale.a in Frameworks */,
				82E9A52524030B52000DB7F3 /* libavformat.a in Frameworks */,
				82E9A52324030B52000DB7F3 /* libavcodec.a in Frameworks */,
			);
			runOnlyForDeploymentPostprocessing = 0;
		};
		82E9A47524030AEE000DB7F3 /* Frameworks */ = {
			isa = PBXFrameworksBuildPhase;
			buildActionMask = 2147483647;
			files = (
			);
			runOnlyForDeploymentPostprocessing = 0;
		};
		82E9A48024030AEE000DB7F3 /* Frameworks */ = {
			isa = PBXFrameworksBuildPhase;
			buildActionMask = 2147483647;
			files = (
			);
			runOnlyForDeploymentPostprocessing = 0;
		};
/* End PBXFrameworksBuildPhase section */

/* Begin PBXGroup section */
		826AB8342406C0D400B87C63 /* Util */ = {
			isa = PBXGroup;
			children = (
				826AB8352406C12500B87C63 /* SMCommon.h */,
				826AB8362406C12500B87C63 /* SMCommon.m */,
				82C2C5062409191400485064 /* SMVideoTime.h */,
				82C2C5072409191400485064 /* SMVideoTime.m */,
			);
			path = Util;
			sourceTree = "<group>";
		};
		826AB83A2408229000B87C63 /* Frameworks */ = {
			isa = PBXGroup;
			children = (
				826AB83B2408229000B87C63 /* CoreAudioKit.framework */,
			);
			name = Frameworks;
			sourceTree = "<group>";
		};
		82E9A45C24030AEA000DB7F3 = {
			isa = PBXGroup;
			children = (
				82E9A46724030AEA000DB7F3 /* smplayer */,
				82E9A47B24030AEE000DB7F3 /* smplayerTests */,
				82E9A48624030AEE000DB7F3 /* smplayerUITests */,
				82E9A46624030AEA000DB7F3 /* Products */,
				826AB83A2408229000B87C63 /* Frameworks */,
			);
			sourceTree = "<group>";
		};
		82E9A46624030AEA000DB7F3 /* Products */ = {
			isa = PBXGroup;
			children = (
				82E9A46524030AEA000DB7F3 /* smplayer.app */,
				82E9A47824030AEE000DB7F3 /* smplayerTests.xctest */,
				82E9A48324030AEE000DB7F3 /* smplayerUITests.xctest */,
			);
			name = Products;
			sourceTree = "<group>";
		};
		82E9A46724030AEA000DB7F3 /* smplayer */ = {
			isa = PBXGroup;
			children = (
				826AB8342406C0D400B87C63 /* Util */,
				82E9A5412403947E000DB7F3 /* Window */,
				82E9A52A24030C1F000DB7F3 /* Assets */,
				82E9A49524030B51000DB7F3 /* Deps */,
				82E9A53324030DCF000DB7F3 /* View */,
				82E9A46824030AEA000DB7F3 /* AppDelegate.h */,
				82E9A46924030AEA000DB7F3 /* AppDelegate.m */,
				82E9A46B24030AEE000DB7F3 /* Assets.xcassets */,
				82E9A46D24030AEE000DB7F3 /* MainMenu.xib */,
				82E9A47024030AEE000DB7F3 /* Info.plist */,
				82E9A47124030AEE000DB7F3 /* main.m */,
				82E9A47324030AEE000DB7F3 /* smplayer.entitlements */,
			);
			path = smplayer;
			sourceTree = "<group>";
		};
		82E9A47B24030AEE000DB7F3 /* smplayerTests */ = {
			isa = PBXGroup;
			children = (
				82E9A47C24030AEE000DB7F3 /* smplayerTests.m */,
				82E9A47E24030AEE000DB7F3 /* Info.plist */,
			);
			path = smplayerTests;
			sourceTree = "<group>";
		};
		82E9A48624030AEE000DB7F3 /* smplayerUITests */ = {
			isa = PBXGroup;
			children = (
				82E9A48724030AEE000DB7F3 /* smplayerUITests.m */,
				82E9A48924030AEE000DB7F3 /* Info.plist */,
			);
			path = smplayerUITests;
			sourceTree = "<group>";
		};
		82E9A49524030B51000DB7F3 /* Deps */ = {
			isa = PBXGroup;
			children = (
				82E9A49624030B51000DB7F3 /* include */,
				82E9A51724030B51000DB7F3 /* lib */,
			);
			path = Deps;
			sourceTree = "<group>";
		};
		82E9A49624030B51000DB7F3 /* include */ = {
			isa = PBXGroup;
			children = (
				82E9A49724030B51000DB7F3 /* libavfilter */,
				82E9A49C24030B51000DB7F3 /* libavutil */,
				82E9A4ED24030B51000DB7F3 /* libavdevice */,
				82E9A4F024030B51000DB7F3 /* libavformat */,
				82E9A4F424030B51000DB7F3 /* libswscale */,
				82E9A4F724030B51000DB7F3 /* libavcodec */,
				82E9A50A24030B51000DB7F3 /* libavresample */,
				82E9A50D24030B51000DB7F3 /* mpv */,
				82E9A51424030B51000DB7F3 /* libswresample */,
			);
			path = include;
			sourceTree = "<group>";
		};
		82E9A49724030B51000DB7F3 /* libavfilter */ = {
			isa = PBXGroup;
			children = (
				82E9A49824030B51000DB7F3 /* version.h */,
				82E9A49924030B51000DB7F3 /* buffersrc.h */,
				82E9A49A24030B51000DB7F3 /* buffersink.h */,
				82E9A49B24030B51000DB7F3 /* avfilter.h */,
			);
			path = libavfilter;
			sourceTree = "<group>";
		};
		82E9A49C24030B51000DB7F3 /* libavutil */ = {
			isa = PBXGroup;
			children = (
				82E9A49D24030B51000DB7F3 /* hwcontext.h */,
				82E9A49E24030B51000DB7F3 /* time.h */,
				82E9A49F24030B51000DB7F3 /* hwcontext_cuda.h */,
				82E9A4A024030B51000DB7F3 /* intfloat.h */,
				82E9A4A124030B51000DB7F3 /* error.h */,
				82E9A4A224030B51000DB7F3 /* fifo.h */,
				82E9A4A324030B51000DB7F3 /* blowfish.h */,
				82E9A4A424030B51000DB7F3 /* hwcontext_mediacodec.h */,
				82E9A4A524030B51000DB7F3 /* replaygain.h */,
				82E9A4A624030B51000DB7F3 /* version.h */,
				82E9A4A724030B51000DB7F3 /* murmur3.h */,
				82E9A4A824030B51000DB7F3 /* stereo3d.h */,
				82E9A4A924030B51000DB7F3 /* samplefmt.h */,
				82E9A4AA24030B51000DB7F3 /* pixdesc.h */,
				82E9A4AB24030B51000DB7F3 /* base64.h */,
				82E9A4AC24030B51000DB7F3 /* rational.h */,
				82E9A4AD24030B51000DB7F3 /* sha.h */,
				82E9A4AE24030B51000DB7F3 /* motion_vector.h */,
				82E9A4AF24030B51000DB7F3 /* avconfig.h */,
				82E9A4B024030B51000DB7F3 /* lfg.h */,
				82E9A4B124030B51000DB7F3 /* avutil.h */,
				82E9A4B224030B51000DB7F3 /* xtea.h */,
				82E9A4B324030B51000DB7F3 /* crc.h */,
				82E9A4B424030B51000DB7F3 /* hwcontext_vdpau.h */,
				82E9A4B524030B51000DB7F3 /* frame.h */,
				82E9A4B624030B51000DB7F3 /* file.h */,
				82E9A4B724030B51000DB7F3 /* md5.h */,
				82E9A4B824030B51000DB7F3 /* cast5.h */,
				82E9A4B924030B51000DB7F3 /* hwcontext_vaapi.h */,
				82E9A4BA24030B51000DB7F3 /* spherical.h */,
				82E9A4BB24030B51000DB7F3 /* ffversion.h */,
				82E9A4BC24030B51000DB7F3 /* audio_fifo.h */,
				82E9A4BD24030B51000DB7F3 /* tree.h */,
				82E9A4BE24030B51000DB7F3 /* threadmessage.h */,
				82E9A4BF24030B51000DB7F3 /* attributes.h */,
				82E9A4C024030B51000DB7F3 /* adler32.h */,
				82E9A4C124030B51000DB7F3 /* hwcontext_d3d11va.h */,
				82E9A4C224030B51000DB7F3 /* timecode.h */,
				82E9A4C324030B51000DB7F3 /* sha512.h */,
				82E9A4C424030B51000DB7F3 /* hwcontext_dxva2.h */,
				82E9A4C524030B51000DB7F3 /* display.h */,
				82E9A4C624030B51000DB7F3 /* buffer.h */,
				82E9A4C724030B51000DB7F3 /* camellia.h */,
				82E9A4C824030B51000DB7F3 /* pixelutils.h */,
				82E9A4C924030B51000DB7F3 /* hwcontext_drm.h */,
				82E9A4CA24030B51000DB7F3 /* common.h */,
				82E9A4CB24030B51000DB7F3 /* hmac.h */,
				82E9A4CC24030B51000DB7F3 /* eval.h */,
				82E9A4CD24030B51000DB7F3 /* dict.h */,
				82E9A4CE24030B51000DB7F3 /* random_seed.h */,
				82E9A4CF24030B51000DB7F3 /* opt.h */,
				82E9A4D024030B51000DB7F3 /* mastering_display_metadata.h */,
				82E9A4D124030B51000DB7F3 /* log.h */,
				82E9A4D224030B51000DB7F3 /* aes.h */,
				82E9A4D324030B51000DB7F3 /* macros.h */,
				82E9A4D424030B51000DB7F3 /* bswap.h */,
				82E9A4D524030B51000DB7F3 /* rc4.h */,
				82E9A4D624030B51000DB7F3 /* tea.h */,
				82E9A4D724030B51000DB7F3 /* cpu.h */,
				82E9A4D824030B51000DB7F3 /* lzo.h */,
				82E9A4D924030B51000DB7F3 /* des.h */,
				82E9A4DA24030B51000DB7F3 /* channel_layout.h */,
				82E9A4DB24030B51000DB7F3 /* encryption_info.h */,
				82E9A4DC24030B51000DB7F3 /* twofish.h */,
				82E9A4DD24030B51000DB7F3 /* imgutils.h */,
				82E9A4DE24030B51000DB7F3 /* hwcontext_videotoolbox.h */,
				82E9A4DF24030B51000DB7F3 /* mem.h */,
				82E9A4E024030B51000DB7F3 /* parseutils.h */,
				82E9A4E124030B51000DB7F3 /* ripemd.h */,
				82E9A4E224030B51000DB7F3 /* bprint.h */,
				82E9A4E324030B51000DB7F3 /* hwcontext_qsv.h */,
				82E9A4E424030B51000DB7F3 /* pixfmt.h */,
				82E9A4E524030B51000DB7F3 /* aes_ctr.h */,
				82E9A4E624030B51000DB7F3 /* timestamp.h */,
				82E9A4E724030B51000DB7F3 /* downmix_info.h */,
				82E9A4E824030B51000DB7F3 /* avassert.h */,
				82E9A4E924030B51000DB7F3 /* hash.h */,
				82E9A4EA24030B51000DB7F3 /* mathematics.h */,
				82E9A4EB24030B51000DB7F3 /* intreadwrite.h */,
				82E9A4EC24030B51000DB7F3 /* avstring.h */,
			);
			path = libavutil;
			sourceTree = "<group>";
		};
		82E9A4ED24030B51000DB7F3 /* libavdevice */ = {
			isa = PBXGroup;
			children = (
				82E9A4EE24030B51000DB7F3 /* version.h */,
				82E9A4EF24030B51000DB7F3 /* avdevice.h */,
			);
			path = libavdevice;
			sourceTree = "<group>";
		};
		82E9A4F024030B51000DB7F3 /* libavformat */ = {
			isa = PBXGroup;
			children = (
				82E9A4F124030B51000DB7F3 /* version.h */,
				82E9A4F224030B51000DB7F3 /* avio.h */,
				82E9A4F324030B51000DB7F3 /* avformat.h */,
			);
			path = libavformat;
			sourceTree = "<group>";
		};
		82E9A4F424030B51000DB7F3 /* libswscale */ = {
			isa = PBXGroup;
			children = (
				82E9A4F524030B51000DB7F3 /* version.h */,
				82E9A4F624030B51000DB7F3 /* swscale.h */,
			);
			path = libswscale;
			sourceTree = "<group>";
		};
		82E9A4F724030B51000DB7F3 /* libavcodec */ = {
			isa = PBXGroup;
			children = (
				82E9A4F824030B51000DB7F3 /* adts_parser.h */,
				82E9A4F924030B51000DB7F3 /* avcodec.h */,
				82E9A4FA24030B51000DB7F3 /* version.h */,
				82E9A4FB24030B51000DB7F3 /* vdpau.h */,
				82E9A4FC24030B51000DB7F3 /* qsv.h */,
				82E9A4FD24030B51000DB7F3 /* vaapi.h */,
				82E9A4FE24030B51000DB7F3 /* videotoolbox.h */,
				82E9A4FF24030B51000DB7F3 /* xvmc.h */,
				82E9A50024030B51000DB7F3 /* mediacodec.h */,
				82E9A50124030B51000DB7F3 /* d3d11va.h */,
				82E9A50224030B51000DB7F3 /* avfft.h */,
				82E9A50324030B51000DB7F3 /* jni.h */,
				82E9A50424030B51000DB7F3 /* dirac.h */,
				82E9A50524030B51000DB7F3 /* avdct.h */,
				82E9A50624030B51000DB7F3 /* ac3_parser.h */,
				82E9A50724030B51000DB7F3 /* vorbis_parser.h */,
				82E9A50824030B51000DB7F3 /* dxva2.h */,
				82E9A50924030B51000DB7F3 /* dv_profile.h */,
			);
			path = libavcodec;
			sourceTree = "<group>";
		};
		82E9A50A24030B51000DB7F3 /* libavresample */ = {
			isa = PBXGroup;
			children = (
				82E9A50B24030B51000DB7F3 /* avresample.h */,
				82E9A50C24030B51000DB7F3 /* version.h */,
			);
			path = libavresample;
			sourceTree = "<group>";
		};
		82E9A50D24030B51000DB7F3 /* mpv */ = {
			isa = PBXGroup;
			children = (
				82E9A50E24030B51000DB7F3 /* client.h */,
				82E9A50F24030B51000DB7F3 /* stream_cb.h */,
				82E9A51024030B51000DB7F3 /* render_gl.h */,
				82E9A51124030B51000DB7F3 /* qthelper.hpp */,
				82E9A51224030B51000DB7F3 /* opengl_cb.h */,
				82E9A51324030B51000DB7F3 /* render.h */,
			);
			path = mpv;
			sourceTree = "<group>";
		};
		82E9A51424030B51000DB7F3 /* libswresample */ = {
			isa = PBXGroup;
			children = (
				82E9A51524030B51000DB7F3 /* version.h */,
				82E9A51624030B51000DB7F3 /* swresample.h */,
			);
			path = libswresample;
			sourceTree = "<group>";
		};
		82E9A51724030B51000DB7F3 /* lib */ = {
			isa = PBXGroup;
			children = (
				82E9A51824030B51000DB7F3 /* libavutil.a */,
				82E9A51924030B51000DB7F3 /* libavfilter.a */,
				82E9A51A24030B51000DB7F3 /* libavcodec.a */,
				82E9A51B24030B51000DB7F3 /* libavresample.a */,
				82E9A51C24030B51000DB7F3 /* libavformat.a */,
				82E9A51D24030B51000DB7F3 /* libmpv.1.dylib */,
				82E9A51E24030B51000DB7F3 /* libavdevice.a */,
				82E9A51F24030B51000DB7F3 /* libswresample.a */,
				82E9A52024030B51000DB7F3 /* libswscale.a */,
			);
			path = lib;
			sourceTree = "<group>";
		};
		82E9A52A24030C1F000DB7F3 /* Assets */ = {
			isa = PBXGroup;
			children = (
				826AB8382407C0DE00B87C63 /* input.conf */,
			);
			path = Assets;
			sourceTree = "<group>";
		};
		82E9A53324030DCF000DB7F3 /* View */ = {
			isa = PBXGroup;
			children = (
				82E9A53424030E81000DB7F3 /* SMVideoView.h */,
				82E9A53524030E81000DB7F3 /* SMVideoView.m */,
				826AB831240416D400B87C63 /* ControlView.h */,
				826AB832240416D400B87C63 /* ControlView.m */,
			);
			path = View;
			sourceTree = "<group>";
		};
		82E9A5412403947E000DB7F3 /* Window */ = {
			isa = PBXGroup;
			children = (
				82E9A5422403947E000DB7F3 /* Player.h */,
				82E9A5442403947E000DB7F3 /* Player.m */,
				82E9A5432403947E000DB7F3 /* Player.xib */,
			);
			path = Window;
			sourceTree = "<group>";
		};
/* End PBXGroup section */

/* Begin PBXNativeTarget section */
		82E9A46424030AEA000DB7F3 /* smplayer */ = {
			isa = PBXNativeTarget;
			buildConfigurationList = 82E9A48C24030AEE000DB7F3 /* Build configuration list for PBXNativeTarget "smplayer" */;
			buildPhases = (
				82E9A46124030AEA000DB7F3 /* Sources */,
				82E9A46224030AEA000DB7F3 /* Frameworks */,
				82E9A46324030AEA000DB7F3 /* Resources */,
			);
			buildRules = (
			);
			dependencies = (
			);
			name = smplayer;
			productName = smplayer;
			productReference = 82E9A46524030AEA000DB7F3 /* smplayer.app */;
			productType = "com.apple.product-type.application";
		};
		82E9A47724030AEE000DB7F3 /* smplayerTests */ = {
			isa = PBXNativeTarget;
			buildConfigurationList = 82E9A48F24030AEE000DB7F3 /* Build configuration list for PBXNativeTarget "smplayerTests" */;
			buildPhases = (
				82E9A47424030AEE000DB7F3 /* Sources */,
				82E9A47524030AEE000DB7F3 /* Frameworks */,
				82E9A47624030AEE000DB7F3 /* Resources */,
			);
			buildRules = (
			);
			dependencies = (
				82E9A47A24030AEE000DB7F3 /* PBXTargetDependency */,
			);
			name = smplayerTests;
			productName = smplayerTests;
			productReference = 82E9A47824030AEE000DB7F3 /* smplayerTests.xctest */;
			productType = "com.apple.product-type.bundle.unit-test";
		};
		82E9A48224030AEE000DB7F3 /* smplayerUITests */ = {
			isa = PBXNativeTarget;
			buildConfigurationList = 82E9A49224030AEE000DB7F3 /* Build configuration list for PBXNativeTarget "smplayerUITests" */;
			buildPhases = (
				82E9A47F24030AEE000DB7F3 /* Sources */,
				82E9A48024030AEE000DB7F3 /* Frameworks */,
				82E9A48124030AEE000DB7F3 /* Resources */,
			);
			buildRules = (
			);
			dependencies = (
				82E9A48524030AEE000DB7F3 /* PBXTargetDependency */,
			);
			name = smplayerUITests;
			productName = smplayerUITests;
			productReference = 82E9A48324030AEE000DB7F3 /* smplayerUITests.xctest */;
			productType = "com.apple.product-type.bundle.ui-testing";
		};
/* End PBXNativeTarget section */

/* Begin PBXProject section */
		82E9A45D24030AEA000DB7F3 /* Project object */ = {
			isa = PBXProject;
			attributes = {
				LastUpgradeCheck = 1130;
				ORGANIZATIONNAME = midoks;
				TargetAttributes = {
					82E9A46424030AEA000DB7F3 = {
						CreatedOnToolsVersion = 11.3.1;
					};
					82E9A47724030AEE000DB7F3 = {
						CreatedOnToolsVersion = 11.3.1;
						TestTargetID = 82E9A46424030AEA000DB7F3;
					};
					82E9A48224030AEE000DB7F3 = {
						CreatedOnToolsVersion = 11.3.1;
						TestTargetID = 82E9A46424030AEA000DB7F3;
					};
				};
			};
			buildConfigurationList = 82E9A46024030AEA000DB7F3 /* Build configuration list for PBXProject "smplayer" */;
			compatibilityVersion = "Xcode 9.3";
			developmentRegion = en;
			hasScannedForEncodings = 0;
			knownRegions = (
				en,
				Base,
			);
			mainGroup = 82E9A45C24030AEA000DB7F3;
			productRefGroup = 82E9A46624030AEA000DB7F3 /* Products */;
			projectDirPath = "";
			projectRoot = "";
			targets = (
				82E9A46424030AEA000DB7F3 /* smplayer */,
				82E9A47724030AEE000DB7F3 /* smplayerTests */,
				82E9A48224030AEE000DB7F3 /* smplayerUITests */,
			);
		};
/* End PBXProject section */

/* Begin PBXResourcesBuildPhase section */
		82E9A46324030AEA000DB7F3 /* Resources */ = {
			isa = PBXResourcesBuildPhase;
			buildActionMask = 2147483647;
			files = (
				82E9A46C24030AEE000DB7F3 /* Assets.xcassets in Resources */,
				82E9A5452403947E000DB7F3 /* Player.xib in Resources */,
				826AB8392407C0DF00B87C63 /* input.conf in Resources */,
				82E9A46F24030AEE000DB7F3 /* MainMenu.xib in Resources */,
			);
			runOnlyForDeploymentPostprocessing = 0;
		};
		82E9A47624030AEE000DB7F3 /* Resources */ = {
			isa = PBXResourcesBuildPhase;
			buildActionMask = 2147483647;
			files = (
			);
			runOnlyForDeploymentPostprocessing = 0;
		};
		82E9A48124030AEE000DB7F3 /* Resources */ = {
			isa = PBXResourcesBuildPhase;
			buildActionMask = 2147483647;
			files = (
			);
			runOnlyForDeploymentPostprocessing = 0;
		};
/* End PBXResourcesBuildPhase section */

/* Begin PBXSourcesBuildPhase section */
		82E9A46124030AEA000DB7F3 /* Sources */ = {
			isa = PBXSourcesBuildPhase;
			buildActionMask = 2147483647;
			files = (
				82C2C5082409191400485064 /* SMVideoTime.m in Sources */,
				82E9A5462403947E000DB7F3 /* Player.m in Sources */,
				826AB833240416D400B87C63 /* ControlView.m in Sources */,
				826AB8372406C12600B87C63 /* SMCommon.m in Sources */,
				82E9A47224030AEE000DB7F3 /* main.m in Sources */,
				82E9A53624030E81000DB7F3 /* SMVideoView.m in Sources */,
				82E9A46A24030AEA000DB7F3 /* AppDelegate.m in Sources */,
			);
			runOnlyForDeploymentPostprocessing = 0;
		};
		82E9A47424030AEE000DB7F3 /* Sources */ = {
			isa = PBXSourcesBuildPhase;
			buildActionMask = 2147483647;
			files = (
				82E9A47D24030AEE000DB7F3 /* smplayerTests.m in Sources */,
			);
			runOnlyForDeploymentPostprocessing = 0;
		};
		82E9A47F24030AEE000DB7F3 /* Sources */ = {
			isa = PBXSourcesBuildPhase;
			buildActionMask = 2147483647;
			files = (
				82E9A48824030AEE000DB7F3 /* smplayerUITests.m in Sources */,
			);
			runOnlyForDeploymentPostprocessing = 0;
		};
/* End PBXSourcesBuildPhase section */

/* Begin PBXTargetDependency section */
		82E9A47A24030AEE000DB7F3 /* PBXTargetDependency */ = {
			isa = PBXTargetDependency;
			target = 82E9A46424030AEA000DB7F3 /* smplayer */;
			targetProxy = 82E9A47924030AEE000DB7F3 /* PBXContainerItemProxy */;
		};
		82E9A48524030AEE000DB7F3 /* PBXTargetDependency */ = {
			isa = PBXTargetDependency;
			target = 82E9A46424030AEA000DB7F3 /* smplayer */;
			targetProxy = 82E9A48424030AEE000DB7F3 /* PBXContainerItemProxy */;
		};
/* End PBXTargetDependency section */

/* Begin PBXVariantGroup section */
		82E9A46D24030AEE000DB7F3 /* MainMenu.xib */ = {
			isa = PBXVariantGroup;
			children = (
				82E9A46E24030AEE000DB7F3 /* Base */,
			);
			name = MainMenu.xib;
			sourceTree = "<group>";
		};
/* End PBXVariantGroup section */

/* Begin XCBuildConfiguration section */
		82E9A48A24030AEE000DB7F3 /* Debug */ = {
			isa = XCBuildConfiguration;
			buildSettings = {
				ALWAYS_SEARCH_USER_PATHS = NO;
				CLANG_ANALYZER_NONNULL = YES;
				CLANG_ANALYZER_NUMBER_OBJECT_CONVERSION = YES_AGGRESSIVE;
				CLANG_CXX_LANGUAGE_STANDARD = "gnu++14";
				CLANG_CXX_LIBRARY = "libc++";
				CLANG_ENABLE_MODULES = YES;
				CLANG_ENABLE_OBJC_ARC = YES;
				CLANG_ENABLE_OBJC_WEAK = YES;
				CLANG_WARN_BLOCK_CAPTURE_AUTORELEASING = YES;
				CLANG_WARN_BOOL_CONVERSION = YES;
				CLANG_WARN_COMMA = YES;
				CLANG_WARN_CONSTANT_CONVERSION = YES;
				CLANG_WARN_DEPRECATED_OBJC_IMPLEMENTATIONS = YES;
				CLANG_WARN_DIRECT_OBJC_ISA_USAGE = YES_ERROR;
				CLANG_WARN_DOCUMENTATION_COMMENTS = YES;
				CLANG_WARN_EMPTY_BODY = YES;
				CLANG_WARN_ENUM_CONVERSION = YES;
				CLANG_WARN_INFINITE_RECURSION = YES;
				CLANG_WARN_INT_CONVERSION = YES;
				CLANG_WARN_NON_LITERAL_NULL_CONVERSION = YES;
				CLANG_WARN_OBJC_IMPLICIT_RETAIN_SELF = YES;
				CLANG_WARN_OBJC_LITERAL_CONVERSION = YES;
				CLANG_WARN_OBJC_ROOT_CLASS = YES_ERROR;
				CLANG_WARN_RANGE_LOOP_ANALYSIS = YES;
				CLANG_WARN_STRICT_PROTOTYPES = YES;
				CLANG_WARN_SUSPICIOUS_MOVE = YES;
				CLANG_WARN_UNGUARDED_AVAILABILITY = YES_AGGRESSIVE;
				CLANG_WARN_UNREACHABLE_CODE = YES;
				CLANG_WARN__DUPLICATE_METHOD_MATCH = YES;
				COPY_PHASE_STRIP = NO;
				DEBUG_INFORMATION_FORMAT = dwarf;
				ENABLE_STRICT_OBJC_MSGSEND = YES;
				ENABLE_TESTABILITY = YES;
				GCC_C_LANGUAGE_STANDARD = gnu11;
				GCC_DYNAMIC_NO_PIC = NO;
				GCC_NO_COMMON_BLOCKS = YES;
				GCC_OPTIMIZATION_LEVEL = 0;
				GCC_PREPROCESSOR_DEFINITIONS = (
					"DEBUG=1",
					"$(inherited)",
				);
				GCC_WARN_64_TO_32_BIT_CONVERSION = YES;
				GCC_WARN_ABOUT_RETURN_TYPE = YES_ERROR;
				GCC_WARN_UNDECLARED_SELECTOR = YES;
				GCC_WARN_UNINITIALIZED_AUTOS = YES_AGGRESSIVE;
				GCC_WARN_UNUSED_FUNCTION = YES;
				GCC_WARN_UNUSED_VARIABLE = YES;
				MACOSX_DEPLOYMENT_TARGET = 10.15;
				MTL_ENABLE_DEBUG_INFO = INCLUDE_SOURCE;
				MTL_FAST_MATH = YES;
				ONLY_ACTIVE_ARCH = YES;
				SDKROOT = macosx;
			};
			name = Debug;
		};
		82E9A48B24030AEE000DB7F3 /* Release */ = {
			isa = XCBuildConfiguration;
			buildSettings = {
				ALWAYS_SEARCH_USER_PATHS = NO;
				CLANG_ANALYZER_NONNULL = YES;
				CLANG_ANALYZER_NUMBER_OBJECT_CONVERSION = YES_AGGRESSIVE;
				CLANG_CXX_LANGUAGE_STANDARD = "gnu++14";
				CLANG_CXX_LIBRARY = "libc++";
				CLANG_ENABLE_MODULES = YES;
				CLANG_ENABLE_OBJC_ARC = YES;
				CLANG_ENABLE_OBJC_WEAK = YES;
				CLANG_WARN_BLOCK_CAPTURE_AUTORELEASING = YES;
				CLANG_WARN_BOOL_CONVERSION = YES;
				CLANG_WARN_COMMA = YES;
				CLANG_WARN_CONSTANT_CONVERSION = YES;
				CLANG_WARN_DEPRECATED_OBJC_IMPLEMENTATIONS = YES;
				CLANG_WARN_DIRECT_OBJC_ISA_USAGE = YES_ERROR;
				CLANG_WARN_DOCUMENTATION_COMMENTS = YES;
				CLANG_WARN_EMPTY_BODY = YES;
				CLANG_WARN_ENUM_CONVERSION = YES;
				CLANG_WARN_INFINITE_RECURSION = YES;
				CLANG_WARN_INT_CONVERSION = YES;
				CLANG_WARN_NON_LITERAL_NULL_CONVERSION = YES;
				CLANG_WARN_OBJC_IMPLICIT_RETAIN_SELF = YES;
				CLANG_WARN_OBJC_LITERAL_CONVERSION = YES;
				CLANG_WARN_OBJC_ROOT_CLASS = YES_ERROR;
				CLANG_WARN_RANGE_LOOP_ANALYSIS = YES;
				CLANG_WARN_STRICT_PROTOTYPES = YES;
				CLANG_WARN_SUSPICIOUS_MOVE = YES;
				CLANG_WARN_UNGUARDED_AVAILABILITY = YES_AGGRESSIVE;
				CLANG_WARN_UNREACHABLE_CODE = YES;
				CLANG_WARN__DUPLICATE_METHOD_MATCH = YES;
				COPY_PHASE_STRIP = NO;
				DEBUG_INFORMATION_FORMAT = "dwarf-with-dsym";
				ENABLE_NS_ASSERTIONS = NO;
				ENABLE_STRICT_OBJC_MSGSEND = YES;
				GCC_C_LANGUAGE_STANDARD = gnu11;
				GCC_NO_COMMON_BLOCKS = YES;
				GCC_WARN_64_TO_32_BIT_CONVERSION = YES;
				GCC_WARN_ABOUT_RETURN_TYPE = YES_ERROR;
				GCC_WARN_UNDECLARED_SELECTOR = YES;
				GCC_WARN_UNINITIALIZED_AUTOS = YES_AGGRESSIVE;
				GCC_WARN_UNUSED_FUNCTION = YES;
				GCC_WARN_UNUSED_VARIABLE = YES;
				MACOSX_DEPLOYMENT_TARGET = 10.15;
				MTL_ENABLE_DEBUG_INFO = NO;
				MTL_FAST_MATH = YES;
				SDKROOT = macosx;
			};
			name = Release;
		};
		82E9A48D24030AEE000DB7F3 /* Debug */ = {
			isa = XCBuildConfiguration;
			buildSettings = {
				ASSETCATALOG_COMPILER_APPICON_NAME = AppIcon;
				CODE_SIGN_ENTITLEMENTS = smplayer/smplayer.entitlements;
				CODE_SIGN_STYLE = Automatic;
				COMBINE_HIDPI_IMAGES = YES;
				HEADER_SEARCH_PATHS = "$(PROJECT_DIR)/smplayer/Deps/include";
				INFOPLIST_FILE = smplayer/Info.plist;
				LD_RUNPATH_SEARCH_PATHS = (
					"$(inherited)",
					"@executable_path/../Frameworks",
				);
				LIBRARY_SEARCH_PATHS = (
					"$(inherited)",
					"$(PROJECT_DIR)/smplayer/Deps/lib",
					"$(SRCROOT)/smplayer/Deps/lib",
				);
				MACOSX_DEPLOYMENT_TARGET = 10.13;
				PRODUCT_BUNDLE_IDENTIFIER = com.midoks.smplayer;
				PRODUCT_NAME = "$(TARGET_NAME)";
			};
			name = Debug;
		};
		82E9A48E24030AEE000DB7F3 /* Release */ = {
			isa = XCBuildConfiguration;
			buildSettings = {
				ASSETCATALOG_COMPILER_APPICON_NAME = AppIcon;
				CODE_SIGN_ENTITLEMENTS = smplayer/smplayer.entitlements;
				CODE_SIGN_STYLE = Automatic;
				COMBINE_HIDPI_IMAGES = YES;
				HEADER_SEARCH_PATHS = "$(PROJECT_DIR)/smplayer/Deps/include";
				INFOPLIST_FILE = smplayer/Info.plist;
				LD_RUNPATH_SEARCH_PATHS = (
					"$(inherited)",
					"@executable_path/../Frameworks",
				);
				LIBRARY_SEARCH_PATHS = (
					"$(inherited)",
					"$(PROJECT_DIR)/smplayer/Deps/lib",
					"$(SRCROOT)/smplayer/Deps/lib",
				);
				MACOSX_DEPLOYMENT_TARGET = 10.13;
				PRODUCT_BUNDLE_IDENTIFIER = com.midoks.smplayer;
				PRODUCT_NAME = "$(TARGET_NAME)";
			};
			name = Release;
		};
		82E9A49024030AEE000DB7F3 /* Debug */ = {
			isa = XCBuildConfiguration;
			buildSettings = {
				BUNDLE_LOADER = "$(TEST_HOST)";
				CODE_SIGN_STYLE = Automatic;
				COMBINE_HIDPI_IMAGES = YES;
				INFOPLIST_FILE = smplayerTests/Info.plist;
				LD_RUNPATH_SEARCH_PATHS = (
					"$(inherited)",
					"@executable_path/../Frameworks",
					"@loader_path/../Frameworks",
				);
				MACOSX_DEPLOYMENT_TARGET = 10.15;
				PRODUCT_BUNDLE_IDENTIFIER = com.midoks.smplayerTests;
				PRODUCT_NAME = "$(TARGET_NAME)";
				TEST_HOST = "$(BUILT_PRODUCTS_DIR)/smplayer.app/Contents/MacOS/smplayer";
			};
			name = Debug;
		};
		82E9A49124030AEE000DB7F3 /* Release */ = {
			isa = XCBuildConfiguration;
			buildSettings = {
				BUNDLE_LOADER = "$(TEST_HOST)";
				CODE_SIGN_STYLE = Automatic;
				COMBINE_HIDPI_IMAGES = YES;
				INFOPLIST_FILE = smplayerTests/Info.plist;
				LD_RUNPATH_SEARCH_PATHS = (
					"$(inherited)",
					"@executable_path/../Frameworks",
					"@loader_path/../Frameworks",
				);
				MACOSX_DEPLOYMENT_TARGET = 10.15;
				PRODUCT_BUNDLE_IDENTIFIER = com.midoks.smplayerTests;
				PRODUCT_NAME = "$(TARGET_NAME)";
				TEST_HOST = "$(BUILT_PRODUCTS_DIR)/smplayer.app/Contents/MacOS/smplayer";
			};
			name = Release;
		};
		82E9A49324030AEE000DB7F3 /* Debug */ = {
			isa = XCBuildConfiguration;
			buildSettings = {
				CODE_SIGN_STYLE = Automatic;
				COMBINE_HIDPI_IMAGES = YES;
				INFOPLIST_FILE = smplayerUITests/Info.plist;
				LD_RUNPATH_SEARCH_PATHS = (
					"$(inherited)",
					"@executable_path/../Frameworks",
					"@loader_path/../Frameworks",
				);
				PRODUCT_BUNDLE_IDENTIFIER = com.midoks.smplayerUITests;
				PRODUCT_NAME = "$(TARGET_NAME)";
				TEST_TARGET_NAME = smplayer;
			};
			name = Debug;
		};
		82E9A49424030AEE000DB7F3 /* Release */ = {
			isa = XCBuildConfiguration;
			buildSettings = {
				CODE_SIGN_STYLE = Automatic;
				COMBINE_HIDPI_IMAGES = YES;
				INFOPLIST_FILE = smplayerUITests/Info.plist;
				LD_RUNPATH_SEARCH_PATHS = (
					"$(inherited)",
					"@executable_path/../Frameworks",
					"@loader_path/../Frameworks",
				);
				PRODUCT_BUNDLE_IDENTIFIER = com.midoks.smplayerUITests;
				PRODUCT_NAME = "$(TARGET_NAME)";
				TEST_TARGET_NAME = smplayer;
			};
			name = Release;
		};
/* End XCBuildConfiguration section */

/* Begin XCConfigurationList section */
		82E9A46024030AEA000DB7F3 /* Build configuration list for PBXProject "smplayer" */ = {
			isa = XCConfigurationList;
			buildConfigurations = (
				82E9A48A24030AEE000DB7F3 /* Debug */,
				82E9A48B24030AEE000DB7F3 /* Release */,
			);
			defaultConfigurationIsVisible = 0;
			defaultConfigurationName = Release;
		};
		82E9A48C24030AEE000DB7F3 /* Build configuration list for PBXNativeTarget "smplayer" */ = {
			isa = XCConfigurationList;
			buildConfigurations = (
				82E9A48D24030AEE000DB7F3 /* Debug */,
				82E9A48E24030AEE000DB7F3 /* Release */,
			);
			defaultConfigurationIsVisible = 0;
			defaultConfigurationName = Release;
		};
		82E9A48F24030AEE000DB7F3 /* Build configuration list for PBXNativeTarget "smplayerTests" */ = {
			isa = XCConfigurationList;
			buildConfigurations = (
				82E9A49024030AEE000DB7F3 /* Debug */,
				82E9A49124030AEE000DB7F3 /* Release */,
			);
			defaultConfigurationIsVisible = 0;
			defaultConfigurationName = Release;
		};
		82E9A49224030AEE000DB7F3 /* Build configuration list for PBXNativeTarget "smplayerUITests" */ = {
			isa = XCConfigurationList;
			buildConfigurations = (
				82E9A49324030AEE000DB7F3 /* Debug */,
				82E9A49424030AEE000DB7F3 /* Release */,
			);
			defaultConfigurationIsVisible = 0;
			defaultConfigurationName = Release;
		};
/* End XCConfigurationList section */
	};
	rootObject = 82E9A45D24030AEA000DB7F3 /* Project object */;
}
